{
  "name": "chirimen-i2c-tutorial-base",
  "version": "0.0.2",
  "lockfileVersion": 3,
  "requires": true,
  "packages": {
    "": {
      "name": "chirimen-i2c-tutorial-base",
      "version": "0.0.2",
      "license": "MIT",
      "dependencies": {
        "chirimen": "^0.3.0"
      }
    },
    "node_modules/@chirimen/ads1015": {
      "version": "2.0.0",
      "resolved": "https://registry.npmjs.org/@chirimen/ads1015/-/ads1015-2.0.0.tgz",
      "integrity": "sha512-BnqKCXtoHBjeoCt3t0864dpRCiKMFeqg/4EoVuJgh2p5lhBuQ/DvadPi6WbqSabehgYjXSikN0q9FmocJuRULw==",
      "license": "MIT",
      "peerDependencies": {
        "node-web-i2c": "^1.1.51"
      }
    },
    "node_modules/@chirimen/ads1x15": {
      "version": "2.0.0",
      "resolved": "https://registry.npmjs.org/@chirimen/ads1x15/-/ads1x15-2.0.0.tgz",
      "integrity": "sha512-TcJ+GGxSvlqtmTQdeSKGoxKjpqkWq2mxzM+Clvt1b8sSn8zaiRdSJ4FbSkctX8cZqkq4jO3qUme6DPgt5xspOg==",
      "license": "MIT",
      "peerDependencies": {
        "node-web-i2c": "^1.1.51"
      }
    },
    "node_modules/@chirimen/adt7410": {
      "version": "2.0.0",
      "resolved": "https://registry.npmjs.org/@chirimen/adt7410/-/adt7410-2.0.0.tgz",
      "integrity": "sha512-5BMIP7icdkh+JDnO3PGqA4VNeUbSF5QGxuLxrG4rhwNUgOS04EalemTRkuIr6ByrrJI8w+mNl+Y901DxrERQnQ==",
      "license": "MIT",
      "peerDependencies": {
        "node-web-i2c": "^1.1.51"
      }
    },
    "node_modules/@chirimen/aht10": {
      "version": "2.0.0",
      "resolved": "https://registry.npmjs.org/@chirimen/aht10/-/aht10-2.0.0.tgz",
      "integrity": "sha512-8l/LibynVoYTS1BRxaPRB7+Y2MhRgw236Frhk2VmGdgA52iqcRb1SBrKnQdIlqQkXYmeI7D6YmVg8eGmCOfxaQ==",
      "license": "MIT",
      "peerDependencies": {
        "node-web-i2c": "^1.1.51"
      }
    },
    "node_modules/@chirimen/ahtx0": {
      "version": "2.0.0",
      "resolved": "https://registry.npmjs.org/@chirimen/ahtx0/-/ahtx0-2.0.0.tgz",
      "integrity": "sha512-2avN7I6RXTJLUNutWKzkbvRkkFY8mJnKDvRyhxPHSWRzEwY2Yns7tSpe0dYqYEoCNRcRpvAlvLNObKlmXKj+dQ==",
      "license": "MIT",
      "peerDependencies": {
        "node-web-i2c": "^1.1.51"
      }
    },
    "node_modules/@chirimen/ak8963": {
      "version": "2.0.0",
      "resolved": "https://registry.npmjs.org/@chirimen/ak8963/-/ak8963-2.0.0.tgz",
      "integrity": "sha512-50ZQpujKKvRbNWQUXxk2Dynw+b+w+e3krLNssg1r4xT3Xb4ikmr4mNE1StQtgeqa9bXaGBArKr+nESqhLUKiNg==",
      "license": "MIT",
      "peerDependencies": {
        "node-web-i2c": "^1.1.51"
      }
    },
    "node_modules/@chirimen/amg8833": {
      "version": "2.0.0",
      "resolved": "https://registry.npmjs.org/@chirimen/amg8833/-/amg8833-2.0.0.tgz",
      "integrity": "sha512-WQY5TzaKiop3vFN4pt1ESwl4/lV6M1TpZCN/5vOUr0GvtXUqzEI1LrFsPexeijqFUXOupGWvjPZYBh2+tyLaug==",
      "license": "MIT",
      "peerDependencies": {
        "node-web-i2c": "^1.1.51"
      }
    },
    "node_modules/@chirimen/apds9960": {
      "version": "2.0.0",
      "resolved": "https://registry.npmjs.org/@chirimen/apds9960/-/apds9960-2.0.0.tgz",
      "integrity": "sha512-qHGjY0jVwaB1PjwUbX9IY6GORcWNHC6hWXgEANcbIbTqAaPbf4kiK2dkwEPP0a5EInohrkM4Tbaue3rrLVuXxQ==",
      "license": "MIT",
      "peerDependencies": {
        "node-web-i2c": "^1.1.51"
      }
    },
    "node_modules/@chirimen/arduino-stepping-motor": {
      "version": "2.0.0",
      "resolved": "https://registry.npmjs.org/@chirimen/arduino-stepping-motor/-/arduino-stepping-motor-2.0.0.tgz",
      "integrity": "sha512-Od2BijVpMYk1H/xllOh7CJPFUZlQqqFYgrYDMH57UJorpL3MqO4bZjb4ARNIyVYnjh4iz1cq9Jo22H2lmiB7wQ==",
      "license": "MIT",
      "peerDependencies": {
        "node-web-i2c": "^1.1.51"
      }
    },
    "node_modules/@chirimen/as3935": {
      "version": "2.0.0",
      "resolved": "https://registry.npmjs.org/@chirimen/as3935/-/as3935-2.0.0.tgz",
      "integrity": "sha512-ZhHMTz5vJYpk0aTsOtqeqjVwZFcL27JLzYv656K6pNOtqkH8Sk+BU+JAv+Vbcu2eqJjPK+58AFhSEp/9jF6ilQ==",
      "license": "MIT",
      "peerDependencies": {
        "node-web-i2c": "^1.1.51"
      }
    },
    "node_modules/@chirimen/as5600": {
      "version": "2.0.0",
      "resolved": "https://registry.npmjs.org/@chirimen/as5600/-/as5600-2.0.0.tgz",
      "integrity": "sha512-cYFJFWVSqM3z034+LNO4y1yfmCpvoiO1cBpuoVKBMNzuEsGsFdSeoF+HLU78QLnQmsT3lN0VYZmObhjkPUYkGQ==",
      "license": "MIT",
      "peerDependencies": {
        "node-web-i2c": "^1.1.51"
      }
    },
    "node_modules/@chirimen/bh1750": {
      "version": "2.0.0",
      "resolved": "https://registry.npmjs.org/@chirimen/bh1750/-/bh1750-2.0.0.tgz",
      "integrity": "sha512-m9BkGj34K4QK5smq055EPhBNv84yqR2frzOighg9DR/bjdySoWaLML6N/146n/QDtYSXHiQsykQlHXwjjJ8nqw==",
      "license": "MIT",
      "peerDependencies": {
        "node-web-i2c": "^1.1.51"
      }
    },
    "node_modules/@chirimen/bme280": {
      "version": "2.0.0",
      "resolved": "https://registry.npmjs.org/@chirimen/bme280/-/bme280-2.0.0.tgz",
      "integrity": "sha512-RaPWwxKNtwBXHlCIhrSY5+gImJXlfNoXSSWvR2JlBVWXy8x9FEGB4vkJLHre9LKPUkjXEQD+mmCV5TZlyndUnA==",
      "license": "MIT",
      "peerDependencies": {
        "node-web-i2c": "^1.1.51"
      }
    },
    "node_modules/@chirimen/bme680": {
      "version": "2.0.0",
      "resolved": "https://registry.npmjs.org/@chirimen/bme680/-/bme680-2.0.0.tgz",
      "integrity": "sha512-FNkuN09eTI1pQRJVKs6zaf/EzRJ+0EYnmoxGVbSMmlhunpYUWgg2Eo63kZTQYrRWZpOHOSsEQhSx/a05whGnJw==",
      "peerDependencies": {
        "node-web-i2c": "^1.1.51"
      }
    },
    "node_modules/@chirimen/bmp180": {
      "version": "2.0.0",
      "resolved": "https://registry.npmjs.org/@chirimen/bmp180/-/bmp180-2.0.0.tgz",
      "integrity": "sha512-0ohWuiYpAlowo7U05dlsQI4KniOw77u7Sxwbjv4JCYOFAhv7n8kJYxiE6Nf8ptaeXeKtiLiTpI90dbbu4edzSg==",
      "license": "MIT",
      "peerDependencies": {
        "node-web-i2c": "^1.1.51"
      }
    },
    "node_modules/@chirimen/bmp280": {
      "version": "2.0.0",
      "resolved": "https://registry.npmjs.org/@chirimen/bmp280/-/bmp280-2.0.0.tgz",
      "integrity": "sha512-wYBn951OJqX652+vhvISrGhvxpyZSoDCpxSiVmKZyO8g//rSPNyARPs/RleDOLLIhZm99z1q88AkUyGjn01gAg==",
      "license": "MIT",
      "peerDependencies": {
        "node-web-i2c": "^1.1.51"
      }
    },
    "node_modules/@chirimen/canzasi": {
      "version": "2.0.0",
      "resolved": "https://registry.npmjs.org/@chirimen/canzasi/-/canzasi-2.0.0.tgz",
      "integrity": "sha512-DZss3H7a46emmU6j0Jvz3m5ORsE+fby7OuT8yY3uaf8Np7EcxylrDIbwMYjF9setTL9jS0uU/iNp3T7LMz3anQ==",
      "license": "MIT",
      "peerDependencies": {
        "node-web-i2c": "^1.1.51"
      }
    },
    "node_modules/@chirimen/ccs811": {
      "version": "2.0.0",
      "resolved": "https://registry.npmjs.org/@chirimen/ccs811/-/ccs811-2.0.0.tgz",
      "integrity": "sha512-Gar3UD+mVa7Z2/mrdHqMeUY1o+rPwAWerhf7lV8RUOGLFupfktvP9BTK55U0Isqh2CI1Jfmg0Akp3iyMwTM7+Q==",
      "peerDependencies": {
        "node-web-i2c": "^1.1.51"
      }
    },
    "node_modules/@chirimen/ens160": {
      "version": "2.0.0",
      "resolved": "https://registry.npmjs.org/@chirimen/ens160/-/ens160-2.0.0.tgz",
      "integrity": "sha512-Nomo4CHMv186lDoHrhMSqhRhXmhM1p6FPgihgr2cErgB0fK7qeSzDfNS6fZ1+ZCPj2kPjwMmExcr5nvKT3RbAQ==",
      "peerDependencies": {
        "node-web-i2c": "^1.1.51"
      }
    },
    "node_modules/@chirimen/gp2y0e03": {
      "version": "2.0.0",
      "resolved": "https://registry.npmjs.org/@chirimen/gp2y0e03/-/gp2y0e03-2.0.0.tgz",
      "integrity": "sha512-9+IoD7SkGX5GdA/FdYE+oLLPBuUfoXDBSi087dDPzMR7BBeUzDK6NHftUKbYqgIHZSaXOL8bhnN/4/Zqe+hUYA==",
      "license": "MIT",
      "peerDependencies": {
        "node-web-i2c": "^1.1.51"
      }
    },
    "node_modules/@chirimen/grove-accelerometer": {
      "version": "2.0.0",
      "resolved": "https://registry.npmjs.org/@chirimen/grove-accelerometer/-/grove-accelerometer-2.0.0.tgz",
      "integrity": "sha512-US05m6Xom+Rld8Na2gF77mRh7Mmjl2txxrhAfakUn7n+fbH6PbaLXvjRvPJ/ZAQRZNXNIuA0KlgaEVnyH/4RXA==",
      "license": "MIT",
      "peerDependencies": {
        "node-web-i2c": "^1.1.51"
      }
    },
    "node_modules/@chirimen/grove-gesture": {
      "version": "2.0.0",
      "resolved": "https://registry.npmjs.org/@chirimen/grove-gesture/-/grove-gesture-2.0.0.tgz",
      "integrity": "sha512-+a3uPmirs1gS94lIlIR1akellzIfqsJv5YQPBjXPDjjWIBYa7ZqfrywmNvcmU0hl6CL5oNpWvbe5uabZluSJfw==",
      "license": "MIT",
      "peerDependencies": {
        "node-web-i2c": "^1.1.51"
      }
    },
    "node_modules/@chirimen/grove-light": {
      "version": "2.0.0",
      "resolved": "https://registry.npmjs.org/@chirimen/grove-light/-/grove-light-2.0.0.tgz",
      "integrity": "sha512-IMzHy28p5WYLsvMGrmG9aZT+Z5MI0/2g3BUnPEbN0mBOTfxK7Pl1+sMpcm7HPA5Tcsz0C1n4ojhSrceTL5oHlA==",
      "license": "MIT",
      "peerDependencies": {
        "node-web-i2c": "^1.1.51"
      }
    },
    "node_modules/@chirimen/grove-oled-display": {
      "version": "2.0.0",
      "resolved": "https://registry.npmjs.org/@chirimen/grove-oled-display/-/grove-oled-display-2.0.0.tgz",
      "integrity": "sha512-e3+iUuV0cR1DG60THTRAoJ40O/EpA8+hGXdzIWjV5Vp1Ov9Msvil+tKWBCj+qxkJdtAdAxYeLUO+nDts4AIAcg==",
      "license": "MIT",
      "peerDependencies": {
        "node-web-i2c": "^1.1.51"
      }
    },
    "node_modules/@chirimen/grove-touch": {
      "version": "2.0.0",
      "resolved": "https://registry.npmjs.org/@chirimen/grove-touch/-/grove-touch-2.0.0.tgz",
      "integrity": "sha512-Od3Eo6XH3v95RLKpUjGff2LgrLRbmhLQmgK/lAOsdyyjsxMTJZ3pAmoyIewvQij9Y2UIZS9hz3NehwIk0+gBMQ==",
      "license": "MIT",
      "peerDependencies": {
        "node-web-i2c": "^1.1.51"
      }
    },
    "node_modules/@chirimen/grove-water-level-sensor": {
      "version": "2.0.0",
      "resolved": "https://registry.npmjs.org/@chirimen/grove-water-level-sensor/-/grove-water-level-sensor-2.0.0.tgz",
      "integrity": "sha512-fkyaFbWkOd0E3Nc3KJgJM+gU4ppbj/NQZUmKAHfj1nI0AYuGFoEhUYc7GleD4md3DlgVMmJXhVKHIjyL2WhmmA==",
      "license": "MIT",
      "peerDependencies": {
        "node-web-i2c": "^1.1.51"
      }
    },
    "node_modules/@chirimen/hello-world": {
      "version": "2.0.0",
      "resolved": "https://registry.npmjs.org/@chirimen/hello-world/-/hello-world-2.0.0.tgz",
      "integrity": "sha512-EDd/ENH6ZmI+ULURHqpb5z1170MsUcGBOV1X9foUq3pcGzo/grI7CC6mhVzB5ph25YR8c0gsKgLNDG2tEFblcQ==",
      "license": "MIT"
    },
    "node_modules/@chirimen/ht16k33": {
      "version": "2.0.0",
      "resolved": "https://registry.npmjs.org/@chirimen/ht16k33/-/ht16k33-2.0.0.tgz",
      "integrity": "sha512-a+nbquyBLg39ds0X0Fi0LUP/SV6e1ZIb/QehOg8NroQSUArP8uMpnb9i/oKEzjLo3RRTBitIRK8kFJGu1c90og==",
      "license": "MIT",
      "peerDependencies": {
        "node-web-i2c": "^1.1.51"
      }
    },
    "node_modules/@chirimen/htu21d": {
      "version": "2.0.0",
      "resolved": "https://registry.npmjs.org/@chirimen/htu21d/-/htu21d-2.0.0.tgz",
      "integrity": "sha512-CqkKcp/GsPlii8BDY+Vq9HQmzfs2bdXy1KTW574NcqBS8LSe9jYODGgx6orQ1yaRmwTDNU6zsPjz8eNE9+TdVA==",
      "license": "MIT",
      "peerDependencies": {
        "node-web-i2c": "^1.1.51"
      }
    },
    "node_modules/@chirimen/icm20948": {
      "version": "2.0.0",
      "resolved": "https://registry.npmjs.org/@chirimen/icm20948/-/icm20948-2.0.0.tgz",
      "integrity": "sha512-QJc2CxYf4Nph1PgSO6G9nle8FYi/eLspZGjybcqwmO0nhxFnIMoAPjM7Kuq35MMoZnaS6OdUGBWrWW4+TbFc6g==",
      "license": "MIT",
      "peerDependencies": {
        "node-web-i2c": "^1.1.51"
      }
    },
    "node_modules/@chirimen/ina219": {
      "version": "2.0.0",
      "resolved": "https://registry.npmjs.org/@chirimen/ina219/-/ina219-2.0.0.tgz",
      "integrity": "sha512-BFExM9oVIp50myh28pSCei/nF//SKscyeVJXGxeQ+Dh6hhkZ44FhKJSafnbMSLWFIgn9yktWbW1HrV9elDlamg==",
      "license": "MIT",
      "peerDependencies": {
        "node-web-i2c": "^1.1.51"
      }
    },
    "node_modules/@chirimen/ltr390": {
      "version": "2.0.0",
      "resolved": "https://registry.npmjs.org/@chirimen/ltr390/-/ltr390-2.0.0.tgz",
      "integrity": "sha512-ck5maSLkDnq2KUpuJUPvTZBWqjbrmw5epMjjlyUsMPQcUv2TUxL6eaEgTrR8/H5D7AFaej/h9gU0EzaKblfflQ==",
      "license": "MIT",
      "peerDependencies": {
        "node-web-i2c": "^1.1.51"
      }
    },
    "node_modules/@chirimen/mcp9808": {
      "version": "2.0.0",
      "resolved": "https://registry.npmjs.org/@chirimen/mcp9808/-/mcp9808-2.0.0.tgz",
      "integrity": "sha512-XKA/MaIU4R2k4mTJ8iMKU1Z7t9jvwzR8J0E3bG6ekiHUORngn5cL+IoWgqr9c6MHM7/0iX5ycPnc0nEBc8X2yQ==",
      "license": "MIT",
      "peerDependencies": {
        "node-web-i2c": "^1.1.51"
      }
    },
    "node_modules/@chirimen/microbit": {
      "version": "1.1.1",
      "resolved": "https://registry.npmjs.org/@chirimen/microbit/-/microbit-1.1.1.tgz",
      "integrity": "sha512-N5KjzVwbBlYWFUzEOhZwOq1A0lEgMJiFjcFW7btEWUffbaPbO/1vYJzZZ3mHfWj4QLHk0RRxVPqMjGVRAQOvAw=="
    },
    "node_modules/@chirimen/mlx90614": {
      "version": "2.0.0",
      "resolved": "https://registry.npmjs.org/@chirimen/mlx90614/-/mlx90614-2.0.0.tgz",
      "integrity": "sha512-CKCZGUpA+DvbRg6/3irBDM5BrQzN5lwOgH0h8qQRcW33AhrfcnCpTaNMxVNgOm3MuG5I0yVXMhj9HrGGCh1NpA==",
      "license": "MIT",
      "peerDependencies": {
        "node-web-i2c": "^1.1.51"
      }
    },
    "node_modules/@chirimen/mma7660": {
      "version": "2.0.0",
      "resolved": "https://registry.npmjs.org/@chirimen/mma7660/-/mma7660-2.0.0.tgz",
      "integrity": "sha512-Bx0/uXVR38hrS7m1AKb6tsOS6dsL/AhmYWAFyScd26Vs3jXCwo7nNxdZQw+b/oNFV/0MNKhEe4O6PLZV/Sq5jg==",
      "license": "MIT",
      "peerDependencies": {
        "node-web-i2c": "^1.1.51"
      }
    },
    "node_modules/@chirimen/mpu6050": {
      "version": "2.0.0",
      "resolved": "https://registry.npmjs.org/@chirimen/mpu6050/-/mpu6050-2.0.0.tgz",
      "integrity": "sha512-gs0XXh3bssantSEaf78Js6UZut4DNojQuHRwavLozGWXkHit/ZSd8JONH9pSYxjDlSl8GdgbP6L7SUFGIMEi/w==",
      "license": "MIT",
      "peerDependencies": {
        "node-web-i2c": "^1.1.51"
      }
    },
    "node_modules/@chirimen/mpu6500": {
      "version": "2.0.0",
      "resolved": "https://registry.npmjs.org/@chirimen/mpu6500/-/mpu6500-2.0.0.tgz",
      "integrity": "sha512-n96GHoxxzUOj3PpBhzlEKs0/O/KIyGGv16ZnZvfevFb4m7iGCtCnK6/olTSX2kkj09mpRYxpqsX4nx/YmBlN2g==",
      "license": "MIT",
      "peerDependencies": {
        "node-web-i2c": "^1.1.51"
      }
    },
    "node_modules/@chirimen/neopixel-i2c": {
      "version": "2.0.0",
      "resolved": "https://registry.npmjs.org/@chirimen/neopixel-i2c/-/neopixel-i2c-2.0.0.tgz",
      "integrity": "sha512-grz3rX9KuIBooRgAahim9YpHMNxXI2PAro23oMYnV5hN/WmMoCWnrMCGSSbP7baYIw2GibpIE92QU9iaXGQJBQ==",
      "license": "MIT",
      "peerDependencies": {
        "node-web-i2c": "^1.1.51"
      }
    },
    "node_modules/@chirimen/pca9685": {
      "version": "2.0.0",
      "resolved": "https://registry.npmjs.org/@chirimen/pca9685/-/pca9685-2.0.0.tgz",
      "integrity": "sha512-p2EBRQP5hFjA5/bhRp1efdBxcd1rKj3Ro/W/+XHUoHXBjyd+HFNuW4waUeaKU6EflHesmIOpWtDFEZmgtaNdLQ==",
      "license": "MIT",
      "peerDependencies": {
        "node-web-i2c": "^1.1.51"
      }
    },
    "node_modules/@chirimen/pca9685-pwm": {
      "version": "2.0.0",
      "resolved": "https://registry.npmjs.org/@chirimen/pca9685-pwm/-/pca9685-pwm-2.0.0.tgz",
      "integrity": "sha512-8AruroC7Gv2UIL4w9MbgVJD6oMhvZ3btg1Z9GVdXV+lzVTH5GDaNKXrY/K5qML/ku6VnHEmKSTgLNQxjT5Y+Xw==",
      "license": "MIT",
      "peerDependencies": {
        "node-web-i2c": "^1.1.51"
      }
    },
    "node_modules/@chirimen/pcf8591": {
      "version": "2.0.0",
      "resolved": "https://registry.npmjs.org/@chirimen/pcf8591/-/pcf8591-2.0.0.tgz",
      "integrity": "sha512-iymLaQNekLeBVlKeF6p/dS/mREl9R+5+lW3iF3rYWPj7RCCEJpZBM/J8ffHIJfqyVBkAVSTMND6dCZ3GPuLosQ==",
      "license": "MIT",
      "peerDependencies": {
        "node-web-i2c": "^1.1.51"
      }
    },
    "node_modules/@chirimen/s11059": {
      "version": "2.0.0",
      "resolved": "https://registry.npmjs.org/@chirimen/s11059/-/s11059-2.0.0.tgz",
      "integrity": "sha512-YTEXlcBDBlwTRp6u7LxY4acNjlaQqO9zdGSboLuAi79tswI2yyUL5Nv3m0m8uQg9kZTPzxXVvggnqi9nk9g+0g==",
      "license": "MIT",
      "peerDependencies": {
        "node-web-i2c": "^1.1.51"
      }
    },
    "node_modules/@chirimen/scd40": {
      "version": "2.0.0",
      "resolved": "https://registry.npmjs.org/@chirimen/scd40/-/scd40-2.0.0.tgz",
      "integrity": "sha512-dxJ4KE5PQujddeT6ZOmIszDEjHfRNgjtIKVREzxMFef9w/HSpYoAAmrbvV2ZpEedXfeUvBZqWxfSRXXsaOaVuQ==",
      "license": "MIT",
      "peerDependencies": {
        "node-web-i2c": "^1.1.51"
      }
    },
    "node_modules/@chirimen/seesaw": {
      "version": "2.0.0",
      "resolved": "https://registry.npmjs.org/@chirimen/seesaw/-/seesaw-2.0.0.tgz",
      "integrity": "sha512-bzrFY3U0BMYXfS3UR2nns7rdMNLC+i1+r2QY4W7ByhjXE9WjfyzyK9go7LdXqVuXwnQS+MEL5lsJjoQDu7esVw==",
      "license": "MIT",
      "peerDependencies": {
        "node-web-i2c": "^1.1.51"
      }
    },
    "node_modules/@chirimen/sgp40": {
      "version": "2.0.0",
      "resolved": "https://registry.npmjs.org/@chirimen/sgp40/-/sgp40-2.0.0.tgz",
      "integrity": "sha512-Ao+BmvS/nhGlTZMIz3vRHdcVekryq14T9bBIisL70cq6EPIVoHsxmt72flXnAse6sz9V8aqrPqR0oC6T+3JmEw==",
      "license": "MIT",
      "peerDependencies": {
        "node-web-i2c": "^1.1.51"
      }
    },
    "node_modules/@chirimen/sht30": {
      "version": "2.0.0",
      "resolved": "https://registry.npmjs.org/@chirimen/sht30/-/sht30-2.0.0.tgz",
      "integrity": "sha512-OATfepu6VauvOcydXdTB6zB5xYxeoY5FSFOdzzy5LbiHRaCl2dfP0HxL2a3wP4GseWV8wkJQ5htpA3WI3OXeSw==",
      "license": "MIT",
      "peerDependencies": {
        "node-web-i2c": "^1.1.51"
      }
    },
    "node_modules/@chirimen/sht40": {
      "version": "2.0.0",
      "resolved": "https://registry.npmjs.org/@chirimen/sht40/-/sht40-2.0.0.tgz",
      "integrity": "sha512-qcNQB5wmJEVWCNSdM7OkbX5OtMawYOPGg5UKEmAn6/18g+ZP/Adw7iGvPUL7dPs2kNm+n/TN7hOzNpkNk6psrA==",
      "license": "MIT",
      "peerDependencies": {
        "node-web-i2c": "^1.1.51"
      }
    },
    "node_modules/@chirimen/tca9548a": {
      "version": "2.0.0",
      "resolved": "https://registry.npmjs.org/@chirimen/tca9548a/-/tca9548a-2.0.0.tgz",
      "integrity": "sha512-O2DFlp7eP5YEjChtMQSJwafvILBWwnaUhxGmbrNMEzSzZsAo90GMeoFRKWsKGLFbZG1TxFAxh3SzOl7Ka2vSxg==",
      "license": "MIT",
      "peerDependencies": {
        "node-web-i2c": "^1.1.51"
      }
    },
    "node_modules/@chirimen/tcs34725": {
      "version": "2.0.0",
      "resolved": "https://registry.npmjs.org/@chirimen/tcs34725/-/tcs34725-2.0.0.tgz",
      "integrity": "sha512-NBHiMMJD8gun8nT5BGAV+KaOKiUagDWA5lTpaIftfTFdnGYO1gVhY25wEexwVEgXkBdGHYq6AKQZpZs/jIYNgQ==",
      "license": "MIT",
      "peerDependencies": {
        "node-web-i2c": "^1.1.51"
      }
    },
    "node_modules/@chirimen/tsl2591": {
      "version": "2.0.0",
      "resolved": "https://registry.npmjs.org/@chirimen/tsl2591/-/tsl2591-2.0.0.tgz",
      "integrity": "sha512-XjU/QX+o7WMKl+i5eC+/qbiimI4ZA6gXireJvdf/tAmbqnuW04p00GVBMOiePvpH7yXbAHHB7X7qeIF8un0FvQ==",
      "license": "MIT",
      "peerDependencies": {
        "node-web-i2c": "^1.1.51"
      }
    },
    "node_modules/@chirimen/veml6070": {
      "version": "2.0.0",
      "resolved": "https://registry.npmjs.org/@chirimen/veml6070/-/veml6070-2.0.0.tgz",
      "integrity": "sha512-ZvcWBPaZO4xjiM4LAqOzwV+ucj5T0wGMjNK6rfK/tZZbi/SbG9TAR4deXAY9t2HH4dUkWUB8byKwLm52vld9hQ==",
      "license": "MIT",
      "peerDependencies": {
        "node-web-i2c": "^1.1.51"
      }
    },
    "node_modules/@chirimen/vl53l0x": {
      "version": "2.0.0",
      "resolved": "https://registry.npmjs.org/@chirimen/vl53l0x/-/vl53l0x-2.0.0.tgz",
      "integrity": "sha512-oq4i2TGhpK+940KPU9EX7nHHSUgepQHs/LkWLXZduxr4auQ8SxuuWc4EOgvbU+IL2nUe4+If9ca2/rNNSO70sA==",
      "license": "MIT",
      "peerDependencies": {
        "node-web-i2c": "^1.1.51"
      }
    },
    "node_modules/@chirimen/vl53l1x": {
      "version": "2.0.0",
      "resolved": "https://registry.npmjs.org/@chirimen/vl53l1x/-/vl53l1x-2.0.0.tgz",
      "integrity": "sha512-rsUgMIZwxaznSCV4NynLRQxhyY6QfF0hKLAdtDqE5PqK99HutNjAE37TOdoYjQ+bJ2aIK/nLPL+jYD7//MuUyQ==",
      "license": "MIT",
      "peerDependencies": {
        "node-web-i2c": "^1.1.51"
      }
    },
    "node_modules/@types/i2c-bus": {
      "version": "5.1.2",
      "resolved": "https://registry.npmjs.org/@types/i2c-bus/-/i2c-bus-5.1.2.tgz",
      "integrity": "sha512-Zph1a3TZnvU8yUEhR8Yvv+Fv61dE3WQ2gMs4B2KgBUuKYE73quagMvmUN9EvRIbf4B+zq1WKMYjLOafdNus1ig==",
      "license": "MIT",
      "dependencies": {
        "@types/node": "*"
      }
    },
    "node_modules/@types/node": {
      "version": "25.9.5",
      "resolved": "https://registry.npmjs.org/@types/node/-/node-25.9.5.tgz",
      "integrity": "sha512-OScDchr2fwuUmWdf4kZ9h7PcJiYDVInhJizG/biAq3cAvqwYktuy/TYGGdZNMtNTFUP7rnb0NU4TUdm82kt4Rg==",
      "license": "MIT",
      "dependencies": {
        "undici-types": ">=7.24.0 <7.24.7"
      }
    },
    "node_modules/bindings": {
      "version": "1.5.0",
      "resolved": "https://registry.npmjs.org/bindings/-/bindings-1.5.0.tgz",
      "integrity": "sha512-p2q/t/mhvuOj/UeLlV6566GD/guowlr0hHxClI0W9m7MWYkL1F0hLo+0Aexs9HSPCtR1SXQ0TD3MMKrXZajbiQ==",
      "license": "MIT",
      "dependencies": {
        "file-uri-to-path": "1.0.0"
      }
    },
    "node_modules/chirimen": {
      "version": "0.3.0",
      "license": "MIT",
      "dependencies": {
        "@chirimen/ads1015": "latest",
        "@chirimen/ads1x15": "latest",
        "@chirimen/adt7410": "latest",
        "@chirimen/aht10": "latest",
        "@chirimen/ahtx0": "latest",
        "@chirimen/ak8963": "latest",
        "@chirimen/amg8833": "latest",
        "@chirimen/apds9960": "latest",
        "@chirimen/arduino-stepping-motor": "latest",
        "@chirimen/as3935": "latest",
        "@chirimen/as5600": "latest",
        "@chirimen/bh1750": "latest",
        "@chirimen/bme280": "latest",
        "@chirimen/bme680": "latest",
        "@chirimen/bmp180": "latest",
        "@chirimen/bmp280": "latest",
        "@chirimen/canzasi": "latest",
        "@chirimen/ccs811": "latest",
        "@chirimen/ens160": "latest",
        "@chirimen/gp2y0e03": "latest",
        "@chirimen/grove-accelerometer": "latest",
        "@chirimen/grove-gesture": "latest",
        "@chirimen/grove-light": "latest",
        "@chirimen/grove-oled-display": "latest",
        "@chirimen/grove-touch": "latest",
        "@chirimen/grove-water-level-sensor": "latest",
        "@chirimen/hello-world": "latest",
        "@chirimen/ht16k33": "latest",
        "@chirimen/htu21d": "latest",
        "@chirimen/icm20948": "latest",
        "@chirimen/ina219": "latest",
        "@chirimen/ltr390": "latest",
        "@chirimen/mcp9808": "latest",
        "@chirimen/microbit": "latest",
        "@chirimen/mlx90614": "latest",
        "@chirimen/mma7660": "latest",
        "@chirimen/mpu6050": "latest",
        "@chirimen/mpu6500": "latest",
        "@chirimen/neopixel-i2c": "latest",
        "@chirimen/pca9685": "latest",
        "@chirimen/pca9685-pwm": "latest",
        "@chirimen/pcf8591": "latest",
        "@chirimen/s11059": "latest",
        "@chirimen/scd40": "latest",
        "@chirimen/seesaw": "latest",
        "@chirimen/sgp40": "latest",
        "@chirimen/sht30": "latest",
        "@chirimen/sht40": "latest",
        "@chirimen/tca9548a": "latest",
        "@chirimen/tcs34725": "latest",
        "@chirimen/tsl2591": "latest",
        "@chirimen/veml6070": "latest",
        "@chirimen/vl53l0x": "latest",
        "@chirimen/vl53l1x": "latest",
        "node-web-gpio": "latest",
        "node-web-i2c": "latest"
      }
    },
    "node_modules/file-uri-to-path": {
      "version": "1.0.0",
      "resolved": "https://registry.npmjs.org/file-uri-to-path/-/file-uri-to-path-1.0.0.tgz",
      "integrity": "sha512-0Zt+s3L7Vf1biwWZ29aARiVYLx7iMGnEUl9x33fbB/j3jR81u/O2LbqK+Bm1CDSNDKVtJ/YjwY7TUd5SkeLQLw==",
      "license": "MIT"
    },
    "node_modules/i2c-bus": {
      "version": "5.2.3",
      "resolved": "https://registry.npmjs.org/i2c-bus/-/i2c-bus-5.2.3.tgz",
      "integrity": "sha512-kzFgU0OSIZlaeUUa+VK7L+kkxnj4feimCVQDOPrzj0cTaB+hNweTsO8/j7QvW2gRgWQ7ds5IpfFjpBrX+fMNng==",
      "hasInstallScript": true,
      "license": "MIT",
      "dependencies": {
        "bindings": "^1.5.0",
        "nan": "^2.17.0"
      },
      "engines": {
        "node": ">=10.0.0"
      }
    },
    "node_modules/nan": {
      "version": "2.28.0",
      "resolved": "https://registry.npmjs.org/nan/-/nan-2.28.0.tgz",
      "integrity": "sha512-fTsDz99OTq2sVePhGdp4qQhggZFtKr64ZNVyVajRKtMOkJxYekplBh577PiJB12v/D3s2E5cGtOI45LWp6rnLQ==",
      "license": "MIT"
    },
    "node_modules/node-web-gpio": {
      "version": "1.1.71",
      "resolved": "https://registry.npmjs.org/node-web-gpio/-/node-web-gpio-1.1.71.tgz",
      "integrity": "sha512-CNzjjwu9C0YChTLXX6xOwQgxx+wzenkOTxPxBGM5EJZLJOJi8KGMCFA+PyTwUItbV/cCjnXxBGQnx9UNPvfrFg==",
      "license": "MIT"
    },
    "node_modules/node-web-i2c": {
      "version": "1.1.79",
      "resolved": "https://registry.npmjs.org/node-web-i2c/-/node-web-i2c-1.1.79.tgz",
      "integrity": "sha512-0T4njfVzy4Wvx0u5tdb0B/Bq3SfS6zxT+MYcz+phLTQjzTlvdOS/QTQhAKsUGgMvgIFtGEXnz1GgJtYc/C3fKQ==",
      "license": "MIT",
      "dependencies": {
        "@types/i2c-bus": "^5.1.2",
        "@types/node": "^25.9.2",
        "i2c-bus": "^5.2.3"
      }
    },
    "node_modules/undici-types": {
      "version": "7.24.6",
      "resolved": "https://registry.npmjs.org/undici-types/-/undici-types-7.24.6.tgz",
      "integrity": "sha512-WRNW+sJgj5OBN4/0JpHFqtqzhpbnV0GuB+OozA9gCL7a993SmU+1JBZCzLNxYsbMfIeDL+lTsphD5jN5N+n0zg==",
      "license": "MIT"
    }
  }
}
